
Microsoft Visual Studio Solution File, Format Version 12.00
# Visual Studio Version 17
VisualStudioVersion = 17.8.34408.163
MinimumVisualStudioVersion = 10.0.40219.1
Project("{FAE04EC0-301F-11D3-BF4B-00C04F79EFBC}") = "tarea IMC y comvercon de grados", "tarea IMC y comvercon de grados.csproj", "{BB8B1245-0FC0-4D56-86E7-AB8F42565336}"
EndProject
Global
	GlobalSection(SolutionConfigurationPlatforms) = preSolution
		Debug|Any CPU = Debug|Any CPU
		Release|Any CPU = Release|Any CPU
	EndGlobalSection
	GlobalSection(ProjectConfigurationPlatforms) = postSolution
		{BB8B1245-0FC0-4D56-86E7-AB8F42565336}.Debug|Any CPU.ActiveCfg = Debug|Any CPU
		{BB8B1245-0FC0-4D56-86E7-AB8F42565336}.Debug|Any CPU.Build.0 = Debug|Any CPU
		{BB8B1245-0FC0-4D56-86E7-AB8F42565336}.Release|Any CPU.ActiveCfg = Release|Any CPU
		{BB8B1245-0FC0-4D56-86E7-AB8F42565336}.Release|Any CPU.Build.0 = Release|Any CPU
	EndGlobalSection
	GlobalSection(SolutionProperties) = preSolution
		HideSolutionNode = FALSE
	EndGlobalSection
	GlobalSection(ExtensibilityGlobals) = postSolution
		SolutionGuid = {7AB026B4-B490-4B96-BE73-E2CA31E02624}
	EndGlobalSection
EndGlobal
